
Microsoft Visual Studio Solution File, Format Version 12.00
# Visual Studio Version 17
VisualStudioVersion = 17.3.32929.385
MinimumVisualStudioVersion = 10.0.40219.1
Project("{FAE04EC0-301F-11D3-BF4B-00C04F79EFBC}") = "WindowsFormsApp1", "WindowsFormsApp1\WindowsFormsApp1.csproj", "{51B045B7-8688-43F6-97DD-AE4B96643119}"
EndProject
Global
	GlobalSection(SolutionConfigurationPlatforms) = preSolution
		Debug|Any CPU = Debug|Any CPU
		Release|Any CPU = Release|Any CPU
	EndGlobalSection
	GlobalSection(ProjectConfigurationPlatforms) = postSolution
		{51B045B7-8688-43F6-97DD-AE4B96643119}.Debug|Any CPU.ActiveCfg = Debug|Any CPU
		{51B045B7-8688-43F6-97DD-AE4B96643119}.Debug|Any CPU.Build.0 = Debug|Any CPU
		{51B045B7-8688-43F6-97DD-AE4B96643119}.Release|Any CPU.ActiveCfg = Release|Any CPU
		{51B045B7-8688-43F6-97DD-AE4B96643119}.Release|Any CPU.Build.0 = Release|Any CPU
	EndGlobalSection
	GlobalSection(SolutionProperties) = preSolution
		HideSolutionNode = FALSE
	EndGlobalSection
	GlobalSection(ExtensibilityGlobals) = postSolution
		SolutionGuid = {ED705B25-AD6D-4836-B97C-C0DC18042FC7}
	EndGlobalSection
EndGlobal
